// !$*UTF8*$!
{
	archiveVersion = 1;
	classes = {
	};
	objectVersion = 46;
	objects = {

/* Begin PBXBuildFile section */
		49DE92F84D8CDE2961DC2800 /* Pods_Pine_Finders.framework in Frameworks */ = {isa = PBXBuildFile; fileRef = 4C96F33D8D72377CC74AF2BB /* Pods_Pine_Finders.framework */; };
		B213B8CB1CF5BE9100D94CFC /* AppDelegate.swift in Sources */ = {isa = PBXBuildFile; fileRef = B213B8CA1CF5BE9100D94CFC /* AppDelegate.swift */; };
		B213B8D01CF5BE9100D94CFC /* Main.storyboard in Resources */ = {isa = PBXBuildFile; fileRef = B213B8CE1CF5BE9100D94CFC /* Main.storyboard */; };
		B213B8D21CF5BE9100D94CFC /* Assets.xcassets in Resources */ = {isa = PBXBuildFile; fileRef = B213B8D11CF5BE9100D94CFC /* Assets.xcassets */; };
		B213B8D51CF5BE9100D94CFC /* LaunchScreen.storyboard in Resources */ = {isa = PBXBuildFile; fileRef = B213B8D31CF5BE9100D94CFC /* LaunchScreen.storyboard */; };
		B213B8DE1CF5D13200D94CFC /* PickerViewController.swift in Sources */ = {isa = PBXBuildFile; fileRef = B213B8DD1CF5D13200D94CFC /* PickerViewController.swift */; };
		B2A8A7101CF9F12C0091B501 /* VanEntryViewModel.swift in Sources */ = {isa = PBXBuildFile; fileRef = B2A8A70F1CF9F12C0091B501 /* VanEntryViewModel.swift */; };
		B2AA80241CF7936200E7D7DF /* VanViewModel.swift in Sources */ = {isa = PBXBuildFile; fileRef = B2AA80231CF7936200E7D7DF /* VanViewModel.swift */; };
		B2AA80261CF796E500E7D7DF /* VansFilterViewController.swift in Sources */ = {isa = PBXBuildFile; fileRef = B2AA80251CF796E500E7D7DF /* VansFilterViewController.swift */; };
		B2AA802A1CF9C17100E7D7DF /* CarsEntryViewController.swift in Sources */ = {isa = PBXBuildFile; fileRef = B2AA80291CF9C17100E7D7DF /* CarsEntryViewController.swift */; };
		B2AA802C1CF9C2C800E7D7DF /* CarEntryViewModel.swift in Sources */ = {isa = PBXBuildFile; fileRef = B2AA802B1CF9C2C800E7D7DF /* CarEntryViewModel.swift */; };
		B2AA802E1CF9C91500E7D7DF /* VansEntryViewController.swift in Sources */ = {isa = PBXBuildFile; fileRef = B2AA802D1CF9C91500E7D7DF /* VansEntryViewController.swift */; };
		B2E688571CF622FE003E7930 /* FirebaseManager.swift in Sources */ = {isa = PBXBuildFile; fileRef = B2E688561CF622FE003E7930 /* FirebaseManager.swift */; };
		B2E688591CF62655003E7930 /* GoogleService-Info.plist in Resources */ = {isa = PBXBuildFile; fileRef = B2E688581CF62655003E7930 /* GoogleService-Info.plist */; };
		B2E6885B1CF62B36003E7930 /* CarsFilterViewController.swift in Sources */ = {isa = PBXBuildFile; fileRef = B2E6885A1CF62B36003E7930 /* CarsFilterViewController.swift */; };
		B2E6885E1CF62BE0003E7930 /* CarsObject.swift in Sources */ = {isa = PBXBuildFile; fileRef = B2E6885D1CF62BE0003E7930 /* CarsObject.swift */; };
		B2E688601CF78418003E7930 /* VansObject.swift in Sources */ = {isa = PBXBuildFile; fileRef = B2E6885F1CF78418003E7930 /* VansObject.swift */; };
		B2E688641CF786CE003E7930 /* CarViewModel.swift in Sources */ = {isa = PBXBuildFile; fileRef = B2E688631CF786CE003E7930 /* CarViewModel.swift */; };
/* End PBXBuildFile section */

/* Begin PBXFileReference section */
		289DCAFC133630AC1659E7AD /* Pods-Pine Finders.release.xcconfig */ = {isa = PBXFileReference; includeInIndex = 1; lastKnownFileType = text.xcconfig; name = "Pods-Pine Finders.release.xcconfig"; path = "Pods/Target Support Files/Pods-Pine Finders/Pods-Pine Finders.release.xcconfig"; sourceTree = "<group>"; };
		4C96F33D8D72377CC74AF2BB /* Pods_Pine_Finders.framework */ = {isa = PBXFileReference; explicitFileType = wrapper.framework; includeInIndex = 0; path = Pods_Pine_Finders.framework; sourceTree = BUILT_PRODUCTS_DIR; };
		9D79ABED31D1EDBE3C5AADB5 /* Pods-Pine Finders.debug.xcconfig */ = {isa = PBXFileReference; includeInIndex = 1; lastKnownFileType = text.xcconfig; name = "Pods-Pine Finders.debug.xcconfig"; path = "Pods/Target Support Files/Pods-Pine Finders/Pods-Pine Finders.debug.xcconfig"; sourceTree = "<group>"; };
		B213B8C71CF5BE9100D94CFC /* Pine Finders.app */ = {isa = PBXFileReference; explicitFileType = wrapper.application; includeInIndex = 0; path = "Pine Finders.app"; sourceTree = BUILT_PRODUCTS_DIR; };
		B213B8CA1CF5BE9100D94CFC /* AppDelegate.swift */ = {isa = PBXFileReference; lastKnownFileType = sourcecode.swift; path = AppDelegate.swift; sourceTree = "<group>"; };
		B213B8CF1CF5BE9100D94CFC /* Base */ = {isa = PBXFileReference; lastKnownFileType = file.storyboard; name = Base; path = Base.lproj/Main.storyboard; sourceTree = "<group>"; };
		B213B8D11CF5BE9100D94CFC /* Assets.xcassets */ = {isa = PBXFileReference; lastKnownFileType = folder.assetcatalog; path = Assets.xcassets; sourceTree = "<group>"; };
		B213B8D41CF5BE9100D94CFC /* Base */ = {isa = PBXFileReference; lastKnownFileType = file.storyboard; name = Base; path = Base.lproj/LaunchScreen.storyboard; sourceTree = "<group>"; };
		B213B8D61CF5BE9100D94CFC /* Info.plist */ = {isa = PBXFileReference; lastKnownFileType = text.plist.xml; path = Info.plist; sourceTree = "<group>"; };
		B213B8DD1CF5D13200D94CFC /* PickerViewController.swift */ = {isa = PBXFileReference; fileEncoding = 4; lastKnownFileType = sourcecode.swift; name = PickerViewController.swift; path = Controller/PickerViewController.swift; sourceTree = "<group>"; };
		B2A8A70F1CF9F12C0091B501 /* VanEntryViewModel.swift */ = {isa = PBXFileReference; fileEncoding = 4; lastKnownFileType = sourcecode.swift; name = VanEntryViewModel.swift; path = ViewModel/VanEntryViewModel.swift; sourceTree = "<group>"; };
		B2AA80231CF7936200E7D7DF /* VanViewModel.swift */ = {isa = PBXFileReference; fileEncoding = 4; lastKnownFileType = sourcecode.swift; name = VanViewModel.swift; path = ViewModel/VanViewModel.swift; sourceTree = "<group>"; };
		B2AA80251CF796E500E7D7DF /* VansFilterViewController.swift */ = {isa = PBXFileReference; fileEncoding = 4; lastKnownFileType = sourcecode.swift; name = VansFilterViewController.swift; path = Controller/VansFilterViewController.swift; sourceTree = "<group>"; };
		B2AA80291CF9C17100E7D7DF /* CarsEntryViewController.swift */ = {isa = PBXFileReference; fileEncoding = 4; lastKnownFileType = sourcecode.swift; name = CarsEntryViewController.swift; path = Controller/CarsEntryViewController.swift; sourceTree = "<group>"; };
		B2AA802B1CF9C2C800E7D7DF /* CarEntryViewModel.swift */ = {isa = PBXFileReference; fileEncoding = 4; lastKnownFileType = sourcecode.swift; name = CarEntryViewModel.swift; path = ViewModel/CarEntryViewModel.swift; sourceTree = "<group>"; };
		B2AA802D1CF9C91500E7D7DF /* VansEntryViewController.swift */ = {isa = PBXFileReference; fileEncoding = 4; lastKnownFileType = sourcecode.swift; name = VansEntryViewController.swift; path = Controller/VansEntryViewController.swift; sourceTree = "<group>"; };
		B2E688561CF622FE003E7930 /* FirebaseManager.swift */ = {isa = PBXFileReference; fileEncoding = 4; lastKnownFileType = sourcecode.swift; name = FirebaseManager.swift; path = Model/Networking/FirebaseManager.swift; sourceTree = "<group>"; };
		B2E688581CF62655003E7930 /* GoogleService-Info.plist */ = {isa = PBXFileReference; fileEncoding = 4; lastKnownFileType = text.plist.xml; path = "GoogleService-Info.plist"; sourceTree = "<group>"; };
		B2E6885A1CF62B36003E7930 /* CarsFilterViewController.swift */ = {isa = PBXFileReference; fileEncoding = 4; lastKnownFileType = sourcecode.swift; name = CarsFilterViewController.swift; path = Controller/CarsFilterViewController.swift; sourceTree = "<group>"; };
		B2E6885D1CF62BE0003E7930 /* CarsObject.swift */ = {isa = PBXFileReference; fileEncoding = 4; lastKnownFileType = sourcecode.swift; name = CarsObject.swift; path = Model/Data/CarsObject.swift; sourceTree = "<group>"; };
		B2E6885F1CF78418003E7930 /* VansObject.swift */ = {isa = PBXFileReference; fileEncoding = 4; lastKnownFileType = sourcecode.swift; name = VansObject.swift; path = Model/Data/VansObject.swift; sourceTree = "<group>"; };
		B2E688631CF786CE003E7930 /* CarViewModel.swift */ = {isa = PBXFileReference; fileEncoding = 4; lastKnownFileType = sourcecode.swift; name = CarViewModel.swift; path = ViewModel/CarViewModel.swift; sourceTree = "<group>"; };
/* End PBXFileReference section */

/* Begin PBXFrameworksBuildPhase section */
		B213B8C41CF5BE9100D94CFC /* Frameworks */ = {
			isa = PBXFrameworksBuildPhase;
			buildActionMask = 2147483647;
			files = (
				49DE92F84D8CDE2961DC2800 /* Pods_Pine_Finders.framework in Frameworks */,
			);
			runOnlyForDeploymentPostprocessing = 0;
		};
/* End PBXFrameworksBuildPhase section */

/* Begin PBXGroup section */
		B213B8BE1CF5BE9100D94CFC = {
			isa = PBXGroup;
			children = (
				B213B8C91CF5BE9100D94CFC /* Pine Finders */,
				B213B8C81CF5BE9100D94CFC /* Products */,
				F53C9FDBC7336F61E64579F0 /* Pods */,
				D629467750CAA46EC9EB1DC4 /* Frameworks */,
			);
			sourceTree = "<group>";
		};
		B213B8C81CF5BE9100D94CFC /* Products */ = {
			isa = PBXGroup;
			children = (
				B213B8C71CF5BE9100D94CFC /* Pine Finders.app */,
			);
			name = Products;
			sourceTree = "<group>";
		};
		B213B8C91CF5BE9100D94CFC /* Pine Finders */ = {
			isa = PBXGroup;
			children = (
				B2E688621CF786AF003E7930 /* ViewModel */,
				B213B8DF1CF5EE0B00D94CFC /* Model */,
				B213B8DC1CF5D10B00D94CFC /* Controller */,
				B213B8CA1CF5BE9100D94CFC /* AppDelegate.swift */,
				B213B8CE1CF5BE9100D94CFC /* Main.storyboard */,
				B213B8D11CF5BE9100D94CFC /* Assets.xcassets */,
				B213B8D31CF5BE9100D94CFC /* LaunchScreen.storyboard */,
				B2E688581CF62655003E7930 /* GoogleService-Info.plist */,
				B213B8D61CF5BE9100D94CFC /* Info.plist */,
			);
			path = "Pine Finders";
			sourceTree = "<group>";
		};
		B213B8DC1CF5D10B00D94CFC /* Controller */ = {
			isa = PBXGroup;
			children = (
				B213B8DD1CF5D13200D94CFC /* PickerViewController.swift */,
				B2E6885A1CF62B36003E7930 /* CarsFilterViewController.swift */,
				B2AA80251CF796E500E7D7DF /* VansFilterViewController.swift */,
				B2AA80291CF9C17100E7D7DF /* CarsEntryViewController.swift */,
				B2AA802D1CF9C91500E7D7DF /* VansEntryViewController.swift */,
			);
			name = Controller;
			sourceTree = "<group>";
		};
		B213B8DF1CF5EE0B00D94CFC /* Model */ = {
			isa = PBXGroup;
			children = (
				B2E6885C1CF62BB4003E7930 /* Data */,
				B213B8E01CF5EE0F00D94CFC /* Networking */,
			);
			name = Model;
			sourceTree = "<group>";
		};
		B213B8E01CF5EE0F00D94CFC /* Networking */ = {
			isa = PBXGroup;
			children = (
				B2E688561CF622FE003E7930 /* FirebaseManager.swift */,
			);
			name = Networking;
			sourceTree = "<group>";
		};
		B2E6885C1CF62BB4003E7930 /* Data */ = {
			isa = PBXGroup;
			children = (
				B2E6885D1CF62BE0003E7930 /* CarsObject.swift */,
				B2E6885F1CF78418003E7930 /* VansObject.swift */,
			);
			name = Data;
			sourceTree = "<group>";
		};
		B2E688621CF786AF003E7930 /* ViewModel */ = {
			isa = PBXGroup;
			children = (
				B2E688631CF786CE003E7930 /* CarViewModel.swift */,
				B2AA80231CF7936200E7D7DF /* VanViewModel.swift */,
				B2AA802B1CF9C2C800E7D7DF /* CarEntryViewModel.swift */,
				B2A8A70F1CF9F12C0091B501 /* VanEntryViewModel.swift */,
			);
			name = ViewModel;
			sourceTree = "<group>";
		};
		D629467750CAA46EC9EB1DC4 /* Frameworks */ = {
			isa = PBXGroup;
			children = (
				4C96F33D8D72377CC74AF2BB /* Pods_Pine_Finders.framework */,
			);
			name = Frameworks;
			sourceTree = "<group>";
		};
		F53C9FDBC7336F61E64579F0 /* Pods */ = {
			isa = PBXGroup;
			children = (
				9D79ABED31D1EDBE3C5AADB5 /* Pods-Pine Finders.debug.xcconfig */,
				289DCAFC133630AC1659E7AD /* Pods-Pine Finders.release.xcconfig */,
			);
			name = Pods;
			sourceTree = "<group>";
		};
/* End PBXGroup section */

/* Begin PBXNativeTarget section */
		B213B8C61CF5BE9100D94CFC /* Pine Finders */ = {
			isa = PBXNativeTarget;
			buildConfigurationList = B213B8D91CF5BE9100D94CFC /* Build configuration list for PBXNativeTarget "Pine Finders" */;
			buildPhases = (
				F6D50173DDC501DA552DFB91 /* 📦 Check Pods Manifest.lock */,
				B213B8C31CF5BE9100D94CFC /* Sources */,
				B213B8C41CF5BE9100D94CFC /* Frameworks */,
				B213B8C51CF5BE9100D94CFC /* Resources */,
				C99919FBC90B7B3177CC7C83 /* 📦 Embed Pods Frameworks */,
				940C2C29483182E98EA20985 /* 📦 Copy Pods Resources */,
			);
			buildRules = (
			);
			dependencies = (
			);
			name = "Pine Finders";
			productName = "Pine Finders";
			productReference = B213B8C71CF5BE9100D94CFC /* Pine Finders.app */;
			productType = "com.apple.product-type.application";
		};
/* End PBXNativeTarget section */

/* Begin PBXProject section */
		B213B8BF1CF5BE9100D94CFC /* Project object */ = {
			isa = PBXProject;
			attributes = {
				LastSwiftUpdateCheck = 0730;
				LastUpgradeCheck = 0730;
				ORGANIZATIONNAME = "Aztech Films";
				TargetAttributes = {
					B213B8C61CF5BE9100D94CFC = {
						CreatedOnToolsVersion = 7.3.1;
					};
				};
			};
			buildConfigurationList = B213B8C21CF5BE9100D94CFC /* Build configuration list for PBXProject "Pine Finders" */;
			compatibilityVersion = "Xcode 3.2";
			developmentRegion = English;
			hasScannedForEncodings = 0;
			knownRegions = (
				en,
				Base,
			);
			mainGroup = B213B8BE1CF5BE9100D94CFC;
			productRefGroup = B213B8C81CF5BE9100D94CFC /* Products */;
			projectDirPath = "";
			projectRoot = "";
			targets = (
				B213B8C61CF5BE9100D94CFC /* Pine Finders */,
			);
		};
/* End PBXProject section */

/* Begin PBXResourcesBuildPhase section */
		B213B8C51CF5BE9100D94CFC /* Resources */ = {
			isa = PBXResourcesBuildPhase;
			buildActionMask = 2147483647;
			files = (
				B213B8D51CF5BE9100D94CFC /* LaunchScreen.storyboard in Resources */,
				B2E688591CF62655003E7930 /* GoogleService-Info.plist in Resources */,
				B213B8D21CF5BE9100D94CFC /* Assets.xcassets in Resources */,
				B213B8D01CF5BE9100D94CFC /* Main.storyboard in Resources */,
			);
			runOnlyForDeploymentPostprocessing = 0;
		};
/* End PBXResourcesBuildPhase section */

/* Begin PBXShellScriptBuildPhase section */
		940C2C29483182E98EA20985 /* 📦 Copy Pods Resources */ = {
			isa = PBXShellScriptBuildPhase;
			buildActionMask = 2147483647;
			files = (
			);
			inputPaths = (
			);
			name = "📦 Copy Pods Resources";
			outputPaths = (
			);
			runOnlyForDeploymentPostprocessing = 0;
			shellPath = /bin/sh;
			shellScript = "\"${SRCROOT}/Pods/Target Support Files/Pods-Pine Finders/Pods-Pine Finders-resources.sh\"\n";
			showEnvVarsInLog = 0;
		};
		C99919FBC90B7B3177CC7C83 /* 📦 Embed Pods Frameworks */ = {
			isa = PBXShellScriptBuildPhase;
			buildActionMask = 2147483647;
			files = (
			);
			inputPaths = (
			);
			name = "📦 Embed Pods Frameworks";
			outputPaths = (
			);
			runOnlyForDeploymentPostprocessing = 0;
			shellPath = /bin/sh;
			shellScript = "\"${SRCROOT}/Pods/Target Support Files/Pods-Pine Finders/Pods-Pine Finders-frameworks.sh\"\n";
			showEnvVarsInLog = 0;
		};
		F6D50173DDC501DA552DFB91 /* 📦 Check Pods Manifest.lock */ = {
			isa = PBXShellScriptBuildPhase;
			buildActionMask = 2147483647;
			files = (
			);
			inputPaths = (
			);
			name = "📦 Check Pods Manifest.lock";
			outputPaths = (
			);
			runOnlyForDeploymentPostprocessing = 0;
			shellPath = /bin/sh;
			shellScript = "diff \"${PODS_ROOT}/../Podfile.lock\" \"${PODS_ROOT}/Manifest.lock\" > /dev/null\nif [[ $? != 0 ]] ; then\n    cat << EOM\nerror: The sandbox is not in sync with the Podfile.lock. Run 'pod install' or update your CocoaPods installation.\nEOM\n    exit 1\nfi\n";
			showEnvVarsInLog = 0;
		};
/* End PBXShellScriptBuildPhase section */

/* Begin PBXSourcesBuildPhase section */
		B213B8C31CF5BE9100D94CFC /* Sources */ = {
			isa = PBXSourcesBuildPhase;
			buildActionMask = 2147483647;
			files = (
				B2E688571CF622FE003E7930 /* FirebaseManager.swift in Sources */,
				B2E688641CF786CE003E7930 /* CarViewModel.swift in Sources */,
				B2AA802A1CF9C17100E7D7DF /* CarsEntryViewController.swift in Sources */,
				B213B8DE1CF5D13200D94CFC /* PickerViewController.swift in Sources */,
				B2AA802C1CF9C2C800E7D7DF /* CarEntryViewModel.swift in Sources */,
				B2AA802E1CF9C91500E7D7DF /* VansEntryViewController.swift in Sources */,
				B2AA80261CF796E500E7D7DF /* VansFilterViewController.swift in Sources */,
				B213B8CB1CF5BE9100D94CFC /* AppDelegate.swift in Sources */,
				B2E6885E1CF62BE0003E7930 /* CarsObject.swift in Sources */,
				B2E688601CF78418003E7930 /* VansObject.swift in Sources */,
				B2AA80241CF7936200E7D7DF /* VanViewModel.swift in Sources */,
				B2E6885B1CF62B36003E7930 /* CarsFilterViewController.swift in Sources */,
				B2A8A7101CF9F12C0091B501 /* VanEntryViewModel.swift in Sources */,
			);
			runOnlyForDeploymentPostprocessing = 0;
		};
/* End PBXSourcesBuildPhase section */

/* Begin PBXVariantGroup section */
		B213B8CE1CF5BE9100D94CFC /* Main.storyboard */ = {
			isa = PBXVariantGroup;
			children = (
				B213B8CF1CF5BE9100D94CFC /* Base */,
			);
			name = Main.storyboard;
			sourceTree = "<group>";
		};
		B213B8D31CF5BE9100D94CFC /* LaunchScreen.storyboard */ = {
			isa = PBXVariantGroup;
			children = (
				B213B8D41CF5BE9100D94CFC /* Base */,
			);
			name = LaunchScreen.storyboard;
			sourceTree = "<group>";
		};
/* End PBXVariantGroup section */

/* Begin XCBuildConfiguration section */
		B213B8D71CF5BE9100D94CFC /* Debug */ = {
			isa = XCBuildConfiguration;
			buildSettings = {
				ALWAYS_SEARCH_USER_PATHS = NO;
				CLANG_ANALYZER_NONNULL = YES;
				CLANG_CXX_LANGUAGE_STANDARD = "gnu++0x";
				CLANG_CXX_LIBRARY = "libc++";
				CLANG_ENABLE_MODULES = YES;
				CLANG_ENABLE_OBJC_ARC = YES;
				CLANG_WARN_BOOL_CONVERSION = YES;
				CLANG_WARN_CONSTANT_CONVERSION = YES;
				CLANG_WARN_DIRECT_OBJC_ISA_USAGE = YES_ERROR;
				CLANG_WARN_EMPTY_BODY = YES;
				CLANG_WARN_ENUM_CONVERSION = YES;
				CLANG_WARN_INT_CONVERSION = YES;
				CLANG_WARN_OBJC_ROOT_CLASS = YES_ERROR;
				CLANG_WARN_UNREACHABLE_CODE = YES;
				CLANG_WARN__DUPLICATE_METHOD_MATCH = YES;
				"CODE_SIGN_IDENTITY[sdk=iphoneos*]" = "iPhone Developer";
				COPY_PHASE_STRIP = NO;
				DEBUG_INFORMATION_FORMAT = dwarf;
				ENABLE_STRICT_OBJC_MSGSEND = YES;
				ENABLE_TESTABILITY = YES;
				GCC_C_LANGUAGE_STANDARD = gnu99;
				GCC_DYNAMIC_NO_PIC = NO;
				GCC_NO_COMMON_BLOCKS = YES;
				GCC_OPTIMIZATION_LEVEL = 0;
				GCC_PREPROCESSOR_DEFINITIONS = (
					"DEBUG=1",
					"$(inherited)",
				);
				GCC_WARN_64_TO_32_BIT_CONVERSION = YES;
				GCC_WARN_ABOUT_RETURN_TYPE = YES_ERROR;
				GCC_WARN_UNDECLARED_SELECTOR = YES;
				GCC_WARN_UNINITIALIZED_AUTOS = YES_AGGRESSIVE;
				GCC_WARN_UNUSED_FUNCTION = YES;
				GCC_WARN_UNUSED_VARIABLE = YES;
				IPHONEOS_DEPLOYMENT_TARGET = 9.3;
				MTL_ENABLE_DEBUG_INFO = YES;
				ONLY_ACTIVE_ARCH = YES;
				SDKROOT = iphoneos;
				SWIFT_OPTIMIZATION_LEVEL = "-Onone";
				TARGETED_DEVICE_FAMILY = "1,2";
			};
			name = Debug;
		};
		B213B8D81CF5BE9100D94CFC /* Release */ = {
			isa = XCBuildConfiguration;
			buildSettings = {
				ALWAYS_SEARCH_USER_PATHS = NO;
				CLANG_ANALYZER_NONNULL = YES;
				CLANG_CXX_LANGUAGE_STANDARD = "gnu++0x";
				CLANG_CXX_LIBRARY = "libc++";
				CLANG_ENABLE_MODULES = YES;
				CLANG_ENABLE_OBJC_ARC = YES;
				CLANG_WARN_BOOL_CONVERSION = YES;
				CLANG_WARN_CONSTANT_CONVERSION = YES;
				CLANG_WARN_DIRECT_OBJC_ISA_USAGE = YES_ERROR;
				CLANG_WARN_EMPTY_BODY = YES;
				CLANG_WARN_ENUM_CONVERSION = YES;
				CLANG_WARN_INT_CONVERSION = YES;
				CLANG_WARN_OBJC_ROOT_CLASS = YES_ERROR;
				CLANG_WARN_UNREACHABLE_CODE = YES;
				CLANG_WARN__DUPLICATE_METHOD_MATCH = YES;
				"CODE_SIGN_IDENTITY[sdk=iphoneos*]" = "iPhone Developer";
				COPY_PHASE_STRIP = NO;
				DEBUG_INFORMATION_FORMAT = "dwarf-with-dsym";
				ENABLE_NS_ASSERTIONS = NO;
				ENABLE_STRICT_OBJC_MSGSEND = YES;
				GCC_C_LANGUAGE_STANDARD = gnu99;
				GCC_NO_COMMON_BLOCKS = YES;
				GCC_WARN_64_TO_32_BIT_CONVERSION = YES;
				GCC_WARN_ABOUT_RETURN_TYPE = YES_ERROR;
				GCC_WARN_UNDECLARED_SELECTOR = YES;
				GCC_WARN_UNINITIALIZED_AUTOS = YES_AGGRESSIVE;
				GCC_WARN_UNUSED_FUNCTION = YES;
				GCC_WARN_UNUSED_VARIABLE = YES;
				IPHONEOS_DEPLOYMENT_TARGET = 9.3;
				MTL_ENABLE_DEBUG_INFO = NO;
				SDKROOT = iphoneos;
				TARGETED_DEVICE_FAMILY = "1,2";
				VALIDATE_PRODUCT = YES;
			};
			name = Release;
		};
		B213B8DA1CF5BE9100D94CFC /* Debug */ = {
			isa = XCBuildConfiguration;
			baseConfigurationReference = 9D79ABED31D1EDBE3C5AADB5 /* Pods-Pine Finders.debug.xcconfig */;
			buildSettings = {
				ASSETCATALOG_COMPILER_APPICON_NAME = AppIcon;
				INFOPLIST_FILE = "Pine Finders/Info.plist";
				IPHONEOS_DEPLOYMENT_TARGET = 9.0;
				LD_RUNPATH_SEARCH_PATHS = "$(inherited) @executable_path/Frameworks";
				PRODUCT_BUNDLE_IDENTIFIER = "com.Odessite.Pine-Finders";
				PRODUCT_NAME = "$(TARGET_NAME)";
			};
			name = Debug;
		};
		B213B8DB1CF5BE9100D94CFC /* Release */ = {
			isa = XCBuildConfiguration;
			baseConfigurationReference = 289DCAFC133630AC1659E7AD /* Pods-Pine Finders.release.xcconfig */;
			buildSettings = {
				ASSETCATALOG_COMPILER_APPICON_NAME = AppIcon;
				INFOPLIST_FILE = "Pine Finders/Info.plist";
				IPHONEOS_DEPLOYMENT_TARGET = 9.0;
				LD_RUNPATH_SEARCH_PATHS = "$(inherited) @executable_path/Frameworks";
				PRODUCT_BUNDLE_IDENTIFIER = "com.Odessite.Pine-Finders";
				PRODUCT_NAME = "$(TARGET_NAME)";
			};
			name = Release;
		};
/* End XCBuildConfiguration section */

/* Begin XCConfigurationList section */
		B213B8C21CF5BE9100D94CFC /* Build configuration list for PBXProject "Pine Finders" */ = {
			isa = XCConfigurationList;
			buildConfigurations = (
				B213B8D71CF5BE9100D94CFC /* Debug */,
				B213B8D81CF5BE9100D94CFC /* Release */,
			);
			defaultConfigurationIsVisible = 0;
			defaultConfigurationName = Release;
		};
		B213B8D91CF5BE9100D94CFC /* Build configuration list for PBXNativeTarget "Pine Finders" */ = {
			isa = XCConfigurationList;
			buildConfigurations = (
				B213B8DA1CF5BE9100D94CFC /* Debug */,
				B213B8DB1CF5BE9100D94CFC /* Release */,
			);
			defaultConfigurationIsVisible = 0;
			defaultConfigurationName = Release;
		};
/* End XCConfigurationList section */
	};
	rootObject = B213B8BF1CF5BE9100D94CFC /* Project object */;
}
